<?xml version="1.0" encoding="UTF-8"?>
<CONFIG>
  <ProjectOptions>
    <Version Value="9"/>
    <PathDelim Value="\"/>
    <General>
      <MainUnit Value="0"/>
      <Title Value="clusterdesign"/>
      <UseAppBundle Value="False"/>
      <ResourceType Value="res"/>
      <UseXPManifest Value="True"/>
      <Icon Value="0"/>
      <ActiveWindowIndexAtStart Value="0"/>
    </General>
    <i18n>
      <EnableI18N LFM="False"/>
    </i18n>
    <VersionInfo>
      <StringTable ProductVersion=""/>
    </VersionInfo>
    <BuildModes Count="1" Active="Default">
      <Item1 Name="Default" Default="True"/>
    </BuildModes>
    <PublishOptions>
      <Version Value="2"/>
      <DestinationDirectory Value="C:\Work\Pascal\Lazarus\Published\src\cl"/>
      <IncludeFileFilter Value="*.(pas|pp|inc|lfm|lpr|lrs|lpi|lpk|sh|xml)"/>
      <ExcludeFileFilter Value="*.(bak|ppu|o|so);*~;backup"/>
    </PublishOptions>
    <RunParams>
      <local>
        <FormatVersion Value="1"/>
        <LaunchingApplication PathPlusParams="\usr\bin\xterm -T 'Lazarus Run Output' -e $(LazarusDir)\tools\runwait.sh $(TargetCmdLine)"/>
      </local>
    </RunParams>
    <RequiredPackages Count="1">
      <Item1>
        <PackageName Value="LCL"/>
      </Item1>
    </RequiredPackages>
    <Units Count="70">
      <Unit0>
        <Filename Value="clusterdesign.lpr"/>
        <IsPartOfProject Value="True"/>
        <UnitName Value="clusterdesign"/>
        <EditorIndex Value="6"/>
        <WindowIndex Value="0"/>
        <TopLine Value="1"/>
        <CursorPos X="1" Y="1"/>
        <UsageCount Value="200"/>
        <Loaded Value="True"/>
      </Unit0>
      <Unit1>
        <Filename Value="mainunit.pas"/>
        <IsPartOfProject Value="True"/>
        <ComponentName Value="MainForm"/>
        <HasResources Value="True"/>
        <ResourceBaseClass Value="Form"/>
        <UnitName Value="MainUnit"/>
        <IsVisibleTab Value="True"/>
        <EditorIndex Value="0"/>
        <WindowIndex Value="0"/>
        <TopLine Value="1"/>
        <CursorPos X="1" Y="1"/>
        <UsageCount Value="200"/>
        <Loaded Value="True"/>
        <LoadedDesigner Value="True"/>
      </Unit1>
      <Unit2>
        <Filename Value="graph.pas"/>
        <IsPartOfProject Value="True"/>
        <UnitName Value="Graph"/>
        <EditorIndex Value="7"/>
        <WindowIndex Value="0"/>
        <TopLine Value="1"/>
        <CursorPos X="1" Y="1"/>
        <UsageCount Value="200"/>
        <Loaded Value="True"/>
      </Unit2>
      <Unit3>
        <Filename Value="database.pas"/>
        <UnitName Value="Database"/>
        <WindowIndex Value="0"/>
        <TopLine Value="1"/>
        <CursorPos X="1" Y="3"/>
        <UsageCount Value="100"/>
      </Unit3>
      <Unit4>
        <Filename Value="C:\lazarus\lcl\stdctrls.pp"/>
        <UnitName Value="StdCtrls"/>
        <WindowIndex Value="0"/>
        <TopLine Value="1172"/>
        <CursorPos X="3" Y="1184"/>
        <UsageCount Value="11"/>
      </Unit4>
      <Unit5>
        <Filename Value="C:\lazarus\components\synapse\synautil.pas"/>
        <UnitName Value="synautil"/>
        <WindowIndex Value="0"/>
        <TopLine Value="1"/>
        <CursorPos X="1" Y="1"/>
        <UsageCount Value="4"/>
      </Unit5>
      <Unit6>
        <Filename Value="C:\lazarus\lcl\controls.pp"/>
        <UnitName Value="Controls"/>
        <WindowIndex Value="0"/>
        <TopLine Value="1626"/>
        <CursorPos X="3" Y="1638"/>
        <UsageCount Value="11"/>
      </Unit6>
      <Unit7>
        <Filename Value="visualcontrols.pas"/>
        <IsPartOfProject Value="True"/>
        <UnitName Value="VisualControls"/>
        <EditorIndex Value="4"/>
        <WindowIndex Value="0"/>
        <TopLine Value="1"/>
        <CursorPos X="1" Y="1"/>
        <UsageCount Value="202"/>
        <Loaded Value="True"/>
      </Unit7>
      <Unit8>
        <Filename Value="C:\lazarus\lcl\comctrls.pp"/>
        <UnitName Value="ComCtrls"/>
        <WindowIndex Value="0"/>
        <TopLine Value="73"/>
        <CursorPos X="1" Y="73"/>
        <UsageCount Value="4"/>
      </Unit8>
      <Unit9>
        <Filename Value="C:\lazarus\fpc\2.4.2\source\rtl\objpas\classes\classesh.inc"/>
        <WindowIndex Value="0"/>
        <TopLine Value="872"/>
        <CursorPos X="3" Y="884"/>
        <UsageCount Value="10"/>
      </Unit9>
      <Unit10>
        <Filename Value="C:\lazarus\fpc\2.4.2\source\rtl\inc\objpash.inc"/>
        <WindowIndex Value="0"/>
        <TopLine Value="173"/>
        <CursorPos X="23" Y="185"/>
        <UsageCount Value="10"/>
      </Unit10>
      <Unit11>
        <Filename Value="C:\lazarus\fpc\2.4.2\source\rtl\objpas\classes\stringl.inc"/>
        <WindowIndex Value="0"/>
        <TopLine Value="608"/>
        <CursorPos X="3" Y="614"/>
        <UsageCount Value="10"/>
      </Unit11>
      <Unit12>
        <Filename Value="C:\lazarus\lcl\forms.pp"/>
        <UnitName Value="Forms"/>
        <WindowIndex Value="0"/>
        <TopLine Value="186"/>
        <CursorPos X="38" Y="196"/>
        <UsageCount Value="10"/>
      </Unit12>
      <Unit13>
        <Filename Value="C:\lazarus\lcl\include\wincontrol.inc"/>
        <WindowIndex Value="0"/>
        <TopLine Value="7626"/>
        <CursorPos X="3" Y="7649"/>
        <UsageCount Value="8"/>
      </Unit13>
      <Unit14>
        <Filename Value="config.pas"/>
        <IsPartOfProject Value="True"/>
        <UnitName Value="Config"/>
        <EditorIndex Value="1"/>
        <WindowIndex Value="0"/>
        <TopLine Value="1"/>
        <CursorPos X="1" Y="1"/>
        <UsageCount Value="201"/>
        <Loaded Value="True"/>
      </Unit14>
      <Unit15>
        <Filename Value="floatstr.pas"/>
        <IsPartOfProject Value="True"/>
        <UnitName Value="FloatStr"/>
        <EditorIndex Value="9"/>
        <WindowIndex Value="0"/>
        <TopLine Value="1"/>
        <CursorPos X="1" Y="1"/>
        <UsageCount Value="200"/>
        <Loaded Value="True"/>
      </Unit15>
      <Unit16>
        <Filename Value="C:\lazarus\fpc\2.4.2\source\rtl\inc\systemh.inc"/>
        <WindowIndex Value="0"/>
        <TopLine Value="737"/>
        <CursorPos X="11" Y="749"/>
        <UsageCount Value="4"/>
      </Unit16>
      <Unit17>
        <Filename Value="C:\lazarus\lcl\lcltype.pp"/>
        <UnitName Value="LCLType"/>
        <WindowIndex Value="0"/>
        <TopLine Value="715"/>
        <CursorPos X="3" Y="727"/>
        <UsageCount Value="6"/>
      </Unit17>
      <Unit18>
        <Filename Value="C:\lazarus\fpc\2.4.2\source\rtl\inc\wstringh.inc"/>
        <WindowIndex Value="0"/>
        <TopLine Value="17"/>
        <CursorPos X="11" Y="29"/>
        <UsageCount Value="4"/>
      </Unit18>
      <Unit19>
        <Filename Value="C:\lazarus\fpc\2.4.2\source\rtl\inc\wstrings.inc"/>
        <WindowIndex Value="0"/>
        <TopLine Value="892"/>
        <CursorPos X="10" Y="915"/>
        <UsageCount Value="8"/>
      </Unit19>
      <Unit20>
        <Filename Value="C:\lazarus\fpc\2.4.2\source\rtl\inc\sstrings.inc"/>
        <WindowIndex Value="0"/>
        <TopLine Value="350"/>
        <CursorPos X="3" Y="352"/>
        <UsageCount Value="4"/>
      </Unit20>
      <Unit21>
        <Filename Value="C:\lazarus\fpc\2.4.2\source\rtl\objpas\rtlconst.inc"/>
        <WindowIndex Value="0"/>
        <TopLine Value="241"/>
        <CursorPos X="19" Y="261"/>
        <UsageCount Value="6"/>
      </Unit21>
      <Unit22>
        <Filename Value="C:\lazarus\components\synapse\synafpc.pas"/>
        <UnitName Value="synafpc"/>
        <WindowIndex Value="0"/>
        <TopLine Value="57"/>
        <CursorPos X="16" Y="69"/>
        <UsageCount Value="4"/>
      </Unit22>
      <Unit23>
        <Filename Value="C:\lazarus\lcl\utrace.pp"/>
        <UnitName Value="UTrace"/>
        <WindowIndex Value="0"/>
        <TopLine Value="52"/>
        <CursorPos X="1" Y="64"/>
        <UsageCount Value="3"/>
      </Unit23>
      <Unit24>
        <Filename Value="C:\lazarus\components\synapse\blcksock.pas"/>
        <UnitName Value="blcksock"/>
        <WindowIndex Value="0"/>
        <TopLine Value="716"/>
        <CursorPos X="6" Y="730"/>
        <UsageCount Value="6"/>
      </Unit24>
      <Unit25>
        <Filename Value="C:\lazarus\fpc\2.4.2\source\rtl\objpas\objpas.pp"/>
        <UnitName Value="objpas"/>
        <WindowIndex Value="0"/>
        <TopLine Value="26"/>
        <CursorPos X="8" Y="38"/>
        <UsageCount Value="8"/>
      </Unit25>
      <Unit26>
        <Filename Value="C:\lazarus\fpc\2.4.2\source\rtl\objpas\sysutils\sysansih.inc"/>
        <WindowIndex Value="0"/>
        <TopLine Value="5"/>
        <CursorPos X="10" Y="24"/>
        <UsageCount Value="3"/>
      </Unit26>
      <Unit27>
        <Filename Value="C:\lazarus\fpc\2.4.2\source\rtl\objpas\sysutils\sysansi.inc"/>
        <WindowIndex Value="0"/>
        <TopLine Value="48"/>
        <CursorPos X="13" Y="51"/>
        <UsageCount Value="3"/>
      </Unit27>
      <Unit28>
        <Filename Value="C:\lazarus\fpc\2.4.2\source\rtl\inc\varianth.inc"/>
        <WindowIndex Value="0"/>
        <TopLine Value="491"/>
        <CursorPos X="10" Y="503"/>
        <UsageCount Value="8"/>
      </Unit28>
      <Unit29>
        <Filename Value="C:\lazarus\fpc\2.4.2\source\rtl\inc\variant.inc"/>
        <WindowIndex Value="0"/>
        <TopLine Value="1129"/>
        <CursorPos X="15" Y="1149"/>
        <UsageCount Value="8"/>
      </Unit29>
      <Unit30>
        <Filename Value="C:\lazarus\lcl\dialogs.pp"/>
        <UnitName Value="Dialogs"/>
        <WindowIndex Value="0"/>
        <TopLine Value="497"/>
        <CursorPos X="11" Y="509"/>
        <UsageCount Value="3"/>
      </Unit30>
      <Unit31>
        <Filename Value="C:\lazarus\lcl\spin.pp"/>
        <UnitName Value="Spin"/>
        <WindowIndex Value="0"/>
        <TopLine Value="39"/>
        <CursorPos X="15" Y="51"/>
        <UsageCount Value="8"/>
      </Unit31>
      <Unit32>
        <Filename Value="C:\lazarus\lcl\extctrls.pp"/>
        <UnitName Value="ExtCtrls"/>
        <WindowIndex Value="0"/>
        <TopLine Value="460"/>
        <CursorPos X="1" Y="483"/>
        <UsageCount Value="4"/>
      </Unit32>
      <Unit33>
        <Filename Value="C:\lazarus\fpc\2.4.2\source\rtl\win32\system.pp"/>
        <UnitName Value="System"/>
        <WindowIndex Value="0"/>
        <TopLine Value="34"/>
        <CursorPos X="2" Y="34"/>
        <UsageCount Value="4"/>
      </Unit33>
      <Unit34>
        <Filename Value="C:\lazarus\lcl\lmessages.pp"/>
        <UnitName Value="LMessages"/>
        <WindowIndex Value="0"/>
        <TopLine Value="780"/>
        <CursorPos X="22" Y="792"/>
        <UsageCount Value="5"/>
      </Unit34>
      <Unit35>
        <Filename Value="C:\lazarus\fpc\2.4.2\source\rtl\win\wininc\messages.inc"/>
        <WindowIndex Value="0"/>
        <TopLine Value="1311"/>
        <CursorPos X="6" Y="1323"/>
        <UsageCount Value="5"/>
      </Unit35>
      <Unit36>
        <Filename Value="C:\lazarus\lcl\include\winapih.inc"/>
        <WindowIndex Value="0"/>
        <TopLine Value="186"/>
        <CursorPos X="10" Y="198"/>
        <UsageCount Value="5"/>
      </Unit36>
      <Unit37>
        <Filename Value="C:\lazarus\lcl\include\application.inc"/>
        <WindowIndex Value="0"/>
        <TopLine Value="222"/>
        <CursorPos X="11" Y="230"/>
        <UsageCount Value="5"/>
      </Unit37>
      <Unit38>
        <Filename Value="C:\lazarus\lcl\lclproc.pas"/>
        <UnitName Value="LCLProc"/>
        <WindowIndex Value="0"/>
        <TopLine Value="2153"/>
        <CursorPos X="3" Y="2176"/>
        <UsageCount Value="5"/>
      </Unit38>
      <Unit39>
        <Filename Value="C:\lazarus\lcl\include\spinedit.inc"/>
        <WindowIndex Value="0"/>
        <TopLine Value="19"/>
        <CursorPos X="3" Y="21"/>
        <UsageCount Value="8"/>
      </Unit39>
      <Unit40>
        <Filename Value="C:\lazarus\fpc\2.4.2\source\rtl\win32\classes.pp"/>
        <UnitName Value="Classes"/>
        <WindowIndex Value="0"/>
        <TopLine Value="97"/>
        <CursorPos X="1" Y="97"/>
        <UsageCount Value="8"/>
      </Unit40>
      <Unit41>
        <Filename Value="undo.pas"/>
        <IsPartOfProject Value="True"/>
        <UnitName Value="Undo"/>
        <EditorIndex Value="5"/>
        <WindowIndex Value="0"/>
        <TopLine Value="1"/>
        <CursorPos X="1" Y="1"/>
        <UsageCount Value="169"/>
        <Loaded Value="True"/>
      </Unit41>
      <Unit42>
        <Filename Value="C:\lazarus\fpc\2.4.2\source\rtl\objpas\classes\streams.inc"/>
        <WindowIndex Value="0"/>
        <TopLine Value="459"/>
        <CursorPos X="24" Y="472"/>
        <UsageCount Value="1"/>
      </Unit42>
      <Unit43>
        <Filename Value="C:\lazarus\lcl\include\messagedialogs.inc"/>
        <WindowIndex Value="0"/>
        <TopLine Value="236"/>
        <CursorPos X="34" Y="238"/>
        <UsageCount Value="3"/>
      </Unit43>
      <Unit44>
        <Filename Value="mainunit.lfm"/>
        <WindowIndex Value="0"/>
        <TopLine Value="1211"/>
        <CursorPos X="1" Y="1227"/>
        <UsageCount Value="10"/>
        <DefaultSyntaxHighlighter Value="LFM"/>
      </Unit44>
      <Unit45>
        <Filename Value="evaluate.pas"/>
        <IsPartOfProject Value="True"/>
        <UnitName Value="Evaluate"/>
        <EditorIndex Value="8"/>
        <WindowIndex Value="0"/>
        <TopLine Value="1"/>
        <CursorPos X="1" Y="1"/>
        <UsageCount Value="110"/>
        <Loaded Value="True"/>
      </Unit45>
      <Unit46>
        <Filename Value="common.pas"/>
        <IsPartOfProject Value="True"/>
        <UnitName Value="Common"/>
        <EditorIndex Value="2"/>
        <WindowIndex Value="0"/>
        <TopLine Value="1"/>
        <CursorPos X="1" Y="1"/>
        <UsageCount Value="109"/>
        <Loaded Value="True"/>
      </Unit46>
      <Unit47>
        <Filename Value="C:\lazarus\components\synapse\httpsend.pas"/>
        <UnitName Value="httpsend"/>
        <WindowIndex Value="0"/>
        <TopLine Value="390"/>
        <CursorPos X="28" Y="402"/>
        <UsageCount Value="12"/>
      </Unit47>
      <Unit48>
        <Filename Value="C:\lazarus\components\synapse\synacode.pas"/>
        <UnitName Value="synacode"/>
        <WindowIndex Value="0"/>
        <TopLine Value="125"/>
        <CursorPos X="10" Y="137"/>
        <UsageCount Value="12"/>
      </Unit48>
      <Unit49>
        <Filename Value="clusterconfig.pas"/>
        <IsPartOfProject Value="True"/>
        <UnitName Value="ClusterConfig"/>
        <EditorIndex Value="3"/>
        <WindowIndex Value="0"/>
        <TopLine Value="1"/>
        <CursorPos X="1" Y="1"/>
        <UsageCount Value="85"/>
        <Loaded Value="True"/>
      </Unit49>
      <Unit50>
        <Filename Value="C:\lazarus\fpc\2.4.2\source\rtl\objpas\sysutils\sysstrh.inc"/>
        <WindowIndex Value="0"/>
        <TopLine Value="139"/>
        <CursorPos X="10" Y="151"/>
        <UsageCount Value="8"/>
      </Unit50>
      <Unit51>
        <Filename Value="C:\lazarus\fpc\2.4.2\source\rtl\objpas\sysutils\datih.inc"/>
        <WindowIndex Value="0"/>
        <TopLine Value="1"/>
        <CursorPos X="4" Y="5"/>
        <UsageCount Value="8"/>
      </Unit51>
      <Unit52>
        <Filename Value="C:\lazarus\lcl\interfaces\win32\win32winapi.inc"/>
        <WindowIndex Value="0"/>
        <TopLine Value="2092"/>
        <CursorPos X="1" Y="2104"/>
        <UsageCount Value="10"/>
      </Unit52>
      <Unit53>
        <Filename Value="C:\lazarus\lcl\include\control.inc"/>
        <WindowIndex Value="0"/>
        <TopLine Value="2776"/>
        <CursorPos X="1" Y="2788"/>
        <UsageCount Value="10"/>
      </Unit53>
      <Unit54>
        <Filename Value="C:\lazarus\lcl\lclclasses.pp"/>
        <UnitName Value="LCLClasses"/>
        <WindowIndex Value="0"/>
        <TopLine Value="14"/>
        <CursorPos X="12" Y="26"/>
        <UsageCount Value="10"/>
      </Unit54>
      <Unit55>
        <Filename Value="C:\lazarus\fpc\2.4.2\source\rtl\objpas\classes\compon.inc"/>
        <WindowIndex Value="0"/>
        <TopLine Value="484"/>
        <CursorPos X="3" Y="489"/>
        <UsageCount Value="10"/>
      </Unit55>
      <Unit56>
        <Filename Value="C:\lazarus\fpc\2.4.2\source\packages\fcl-base\src\contnrs.pp"/>
        <UnitName Value="contnrs"/>
        <WindowIndex Value="0"/>
        <TopLine Value="49"/>
        <CursorPos X="3" Y="72"/>
        <UsageCount Value="10"/>
      </Unit56>
      <Unit57>
        <Filename Value="C:\lazarus\fpc\2.4.2\source\rtl\inc\objpas.inc"/>
        <WindowIndex Value="0"/>
        <TopLine Value="149"/>
        <CursorPos X="9" Y="154"/>
        <UsageCount Value="10"/>
      </Unit57>
      <Unit58>
        <Filename Value="C:\lazarus\lcl\include\radiobutton.inc"/>
        <WindowIndex Value="0"/>
        <TopLine Value="45"/>
        <CursorPos X="22" Y="52"/>
        <UsageCount Value="10"/>
      </Unit58>
      <Unit59>
        <Filename Value="C:\lazarus\lcl\include\buttoncontrol.inc"/>
        <WindowIndex Value="0"/>
        <TopLine Value="35"/>
        <CursorPos X="3" Y="37"/>
        <UsageCount Value="10"/>
      </Unit59>
      <Unit60>
        <Filename Value="C:\lazarus\lcl\include\customcheckbox.inc"/>
        <WindowIndex Value="0"/>
        <TopLine Value="37"/>
        <CursorPos X="3" Y="60"/>
        <UsageCount Value="10"/>
      </Unit60>
      <Unit61>
        <Filename Value="C:\usr\share\lazarus\1.0.12\lcl\interfaces\gtk2\gtk2wsbuttons.pp"/>
        <UnitName Value="Gtk2WSButtons"/>
        <WindowIndex Value="0"/>
        <TopLine Value="87"/>
        <CursorPos X="3" Y="98"/>
        <UsageCount Value="10"/>
      </Unit61>
      <Unit62>
        <Filename Value="C:\usr\share\lazarus\1.0.12\lcl\interfaces\gtk2\gtk2wsstdctrls.pp"/>
        <UnitName Value="Gtk2WSStdCtrls"/>
        <WindowIndex Value="0"/>
        <TopLine Value="768"/>
        <CursorPos X="66" Y="779"/>
        <UsageCount Value="10"/>
      </Unit62>
      <Unit63>
        <Filename Value="C:\usr\share\lazarus\1.0.12\lcl\controls.pp"/>
        <UnitName Value="Controls"/>
        <WindowIndex Value="0"/>
        <TopLine Value="120"/>
        <CursorPos X="3" Y="1830"/>
        <UsageCount Value="10"/>
      </Unit63>
      <Unit64>
        <Filename Value="C:\usr\share\lazarus\1.0.12\lcl\include\lclintfh.inc"/>
        <WindowIndex Value="0"/>
        <TopLine Value="61"/>
        <CursorPos X="26" Y="72"/>
        <UsageCount Value="10"/>
      </Unit64>
      <Unit65>
        <Filename Value="C:\usr\share\lazarus\1.0.12\components\synapse\httpsend.pas"/>
        <UnitName Value="httpsend"/>
        <WindowIndex Value="0"/>
        <TopLine Value="392"/>
        <CursorPos X="46" Y="402"/>
        <UsageCount Value="10"/>
      </Unit65>
      <Unit66>
        <Filename Value="C:\usr\share\fpcsrc\2.6.2\rtl\objpas\classes\classesh.inc"/>
        <WindowIndex Value="0"/>
        <TopLine Value="27"/>
        <CursorPos X="1" Y="47"/>
        <UsageCount Value="10"/>
      </Unit66>
      <Unit67>
        <Filename Value="C:\lazarus\lcl\masks.pas"/>
        <UnitName Value="Masks"/>
        <WindowIndex Value="0"/>
        <TopLine Value="17"/>
        <CursorPos X="22" Y="29"/>
        <UsageCount Value="10"/>
      </Unit67>
      <Unit68>
        <Filename Value="C:\lazarus\fpc\2.4.2\source\packages\fcl-xml\src\xmlread.pp"/>
        <UnitName Value="XMLRead"/>
        <WindowIndex Value="0"/>
        <TopLine Value="3808"/>
        <CursorPos X="11" Y="3831"/>
        <UsageCount Value="10"/>
      </Unit68>
      <Unit69>
        <Filename Value="C:\lazarus\lcl\interfaces\win32\interfaces.pp"/>
        <UnitName Value="Interfaces"/>
        <WindowIndex Value="0"/>
        <TopLine Value="1"/>
        <CursorPos X="1" Y="13"/>
        <UsageCount Value="10"/>
      </Unit69>
    </Units>
    <JumpHistory Count="30" HistoryIndex="29">
      <Position1>
        <Filename Value="visualcontrols.pas"/>
        <Caret Line="106" Column="72" TopLine="94"/>
      </Position1>
      <Position2>
        <Filename Value="visualcontrols.pas"/>
        <Caret Line="158" Column="27" TopLine="147"/>
      </Position2>
      <Position3>
        <Filename Value="visualcontrols.pas"/>
        <Caret Line="31" Column="20" TopLine="19"/>
      </Position3>
      <Position4>
        <Filename Value="visualcontrols.pas"/>
        <Caret Line="81" Column="17" TopLine="75"/>
      </Position4>
      <Position5>
        <Filename Value="visualcontrols.pas"/>
        <Caret Line="76" Column="24" TopLine="64"/>
      </Position5>
      <Position6>
        <Filename Value="visualcontrols.pas"/>
        <Caret Line="162" Column="14" TopLine="155"/>
      </Position6>
      <Position7>
        <Filename Value="visualcontrols.pas"/>
        <Caret Line="166" Column="17" TopLine="157"/>
      </Position7>
      <Position8>
        <Filename Value="mainunit.pas"/>
        <Caret Line="453" Column="40" TopLine="441"/>
      </Position8>
      <Position9>
        <Filename Value="visualcontrols.pas"/>
        <Caret Line="49" Column="20" TopLine="36"/>
      </Position9>
      <Position10>
        <Filename Value="mainunit.pas"/>
        <Caret Line="453" Column="39" TopLine="441"/>
      </Position10>
      <Position11>
        <Filename Value="visualcontrols.pas"/>
        <Caret Line="48" Column="17" TopLine="36"/>
      </Position11>
      <Position12>
        <Filename Value="config.pas"/>
        <Caret Line="75" Column="3" TopLine="63"/>
      </Position12>
      <Position13>
        <Filename Value="floatstr.pas"/>
        <Caret Line="56" Column="1" TopLine="44"/>
      </Position13>
      <Position14>
        <Filename Value="config.pas"/>
        <Caret Line="75" Column="3" TopLine="63"/>
      </Position14>
      <Position15>
        <Filename Value="graph.pas"/>
        <Caret Line="1039" Column="15" TopLine="1018"/>
      </Position15>
      <Position16>
        <Filename Value="mainunit.pas"/>
        <Caret Line="453" Column="39" TopLine="441"/>
      </Position16>
      <Position17>
        <Filename Value="mainunit.pas"/>
        <Caret Line="308" Column="34" TopLine="293"/>
      </Position17>
      <Position18>
        <Filename Value="mainunit.pas"/>
        <Caret Line="304" Column="28" TopLine="293"/>
      </Position18>
      <Position19>
        <Filename Value="config.pas"/>
        <Caret Line="678" Column="14" TopLine="666"/>
      </Position19>
      <Position20>
        <Filename Value="graph.pas"/>
        <Caret Line="1036" Column="14" TopLine="1018"/>
      </Position20>
      <Position21>
        <Filename Value="clusterdesign.lpr"/>
        <Caret Line="9" Column="9" TopLine="1"/>
      </Position21>
      <Position22>
        <Filename Value="mainunit.pas"/>
        <Caret Line="304" Column="28" TopLine="293"/>
      </Position22>
      <Position23>
        <Filename Value="config.pas"/>
        <Caret Line="678" Column="14" TopLine="666"/>
      </Position23>
      <Position24>
        <Filename Value="common.pas"/>
        <Caret Line="26" Column="12" TopLine="21"/>
      </Position24>
      <Position25>
        <Filename Value="clusterconfig.pas"/>
        <Caret Line="314" Column="1" TopLine="311"/>
      </Position25>
      <Position26>
        <Filename Value="mainunit.pas"/>
        <Caret Line="20" Column="1" TopLine="1"/>
      </Position26>
      <Position27>
        <Filename Value="floatstr.pas"/>
        <Caret Line="56" Column="87" TopLine="41"/>
      </Position27>
      <Position28>
        <Filename Value="graph.pas"/>
        <Caret Line="1030" Column="3" TopLine="1027"/>
      </Position28>
      <Position29>
        <Filename Value="visualcontrols.pas"/>
        <Caret Line="67" Column="3" TopLine="65"/>
      </Position29>
      <Position30>
        <Filename Value="clusterdesign.lpr"/>
        <Caret Line="9" Column="9" TopLine="1"/>
      </Position30>
    </JumpHistory>
  </ProjectOptions>
  <CompilerOptions>
    <Version Value="11"/>
    <PathDelim Value="\"/>
    <Target>
      <Filename Value="clusterdesign"/>
    </Target>
    <SearchPaths>
      <IncludeFiles Value="$(ProjOutDir)"/>
      <OtherUnitFiles Value="$(LazarusDir)\components\synapse"/>
      <UnitOutputDirectory Value="lib\$(TargetCPU)-$(TargetOS)"/>
    </SearchPaths>
    <Parsing>
      <SyntaxOptions>
        <IncludeAssertionCode Value="True"/>
      </SyntaxOptions>
    </Parsing>
    <CodeGeneration>
      <Checks>
        <IOChecks Value="True"/>
        <RangeChecks Value="True"/>
        <OverflowChecks Value="True"/>
        <StackChecks Value="True"/>
      </Checks>
    </CodeGeneration>
    <Linking>
      <Debugging>
        <UseHeaptrc Value="True"/>
        <StripSymbols Value="True"/>
      </Debugging>
      <Options>
        <Win32>
          <GraphicApplication Value="True"/>
        </Win32>
      </Options>
    </Linking>
    <Other>
      <CompilerMessages>
        <UseMsgFile Value="True"/>
      </CompilerMessages>
      <CompilerPath Value="$(CompPath)"/>
    </Other>
  </CompilerOptions>
  <Debugging>
    <Exceptions Count="1">
      <Item1>
        <Name Value="EConvertError"/>
      </Item1>
    </Exceptions>
  </Debugging>
  <EditorMacros Count="0"/>
</CONFIG>
