<?xml version="1.0" encoding="UTF-8"?>
<CONFIG>
  <ProjectOptions>
    <Version Value="9"/>
    <PathDelim Value="\"/>
    <General>
      <Flags>
        <MainUnitHasCreateFormStatements Value="False"/>
        <Runnable Value="False"/>
      </Flags>
      <MainUnit Value="0"/>
      <Title Value="network"/>
      <ResourceType Value="res"/>
      <UseXPManifest Value="True"/>
      <ActiveWindowIndexAtStart Value="0"/>
    </General>
    <i18n>
      <EnableI18N LFM="False"/>
    </i18n>
    <VersionInfo>
      <StringTable ProductVersion=""/>
    </VersionInfo>
    <BuildModes Count="1" Active="Default">
      <Item1 Name="Default" Default="True"/>
    </BuildModes>
    <PublishOptions>
      <Version Value="2"/>
      <DestinationDirectory Value="C:\Work\Pascal\Lazarus\Published\src\Новая папка"/>
      <IncludeFileFilter Value="*.(pas|pp|inc|lfm|lpr|lrs|lpi|lpk|sh|xml)"/>
      <ExcludeFileFilter Value="*.(bak|ppu|o|so);*~;backup"/>
    </PublishOptions>
    <RunParams>
      <local>
        <FormatVersion Value="1"/>
      </local>
    </RunParams>
    <RequiredPackages Count="3">
      <Item1>
        <PackageName Value="WebLaz"/>
      </Item1>
      <Item2>
        <PackageName Value="LCL"/>
      </Item2>
      <Item3>
        <PackageName Value="FCL"/>
      </Item3>
    </RequiredPackages>
    <Units Count="27">
      <Unit0>
        <Filename Value="network.lpr"/>
        <IsPartOfProject Value="True"/>
        <UnitName Value="network"/>
        <WindowIndex Value="0"/>
        <TopLine Value="1"/>
        <CursorPos X="1" Y="14"/>
        <UsageCount Value="164"/>
      </Unit0>
      <Unit1>
        <Filename Value="cgimain.pas"/>
        <IsPartOfProject Value="True"/>
        <ComponentName Value="FPWebModule1"/>
        <HasResources Value="True"/>
        <ResourceBaseClass Value="DataModule"/>
        <UnitName Value="cgimain"/>
        <IsVisibleTab Value="True"/>
        <EditorIndex Value="0"/>
        <WindowIndex Value="0"/>
        <TopLine Value="1"/>
        <CursorPos X="1" Y="1"/>
        <UsageCount Value="164"/>
        <Loaded Value="True"/>
        <LoadedDesigner Value="True"/>
      </Unit1>
      <Unit2>
        <Filename Value="common.pas"/>
        <IsPartOfProject Value="True"/>
        <UnitName Value="common"/>
        <EditorIndex Value="3"/>
        <WindowIndex Value="0"/>
        <TopLine Value="1"/>
        <CursorPos X="1" Y="1"/>
        <UsageCount Value="164"/>
        <Loaded Value="True"/>
      </Unit2>
      <Unit3>
        <Filename Value="database.pas"/>
        <IsPartOfProject Value="True"/>
        <UnitName Value="database"/>
        <EditorIndex Value="4"/>
        <WindowIndex Value="0"/>
        <TopLine Value="1"/>
        <CursorPos X="1" Y="1"/>
        <UsageCount Value="164"/>
        <Loaded Value="True"/>
      </Unit3>
      <Unit4>
        <Filename Value="design_fat_tree.pas"/>
        <UnitName Value="design_fat_tree"/>
        <WindowIndex Value="0"/>
        <TopLine Value="301"/>
        <CursorPos X="21" Y="308"/>
        <FoldState Value=" T3L0D012}"/>
        <UsageCount Value="25"/>
      </Unit4>
      <Unit5>
        <Filename Value="checkruns.pas"/>
        <IsPartOfProject Value="True"/>
        <UnitName Value="checkruns"/>
        <EditorIndex Value="5"/>
        <WindowIndex Value="0"/>
        <TopLine Value="1"/>
        <CursorPos X="1" Y="1"/>
        <UsageCount Value="164"/>
        <Loaded Value="True"/>
      </Unit5>
      <Unit6>
        <Filename Value="C:\lazarus\fpc\2.4.2\source\packages\fcl-web\src\websession.pp"/>
        <UnitName Value="websession"/>
        <WindowIndex Value="0"/>
        <TopLine Value="37"/>
        <CursorPos X="1" Y="37"/>
        <UsageCount Value="7"/>
      </Unit6>
      <Unit7>
        <Filename Value="C:\lazarus\fpc\2.4.2\source\packages\fcl-web\src\httpdefs.pp"/>
        <UnitName Value="HTTPDefs"/>
        <WindowIndex Value="0"/>
        <TopLine Value="158"/>
        <CursorPos X="3" Y="170"/>
        <UsageCount Value="8"/>
      </Unit7>
      <Unit8>
        <Filename Value="C:\lazarus\fpc\2.4.2\source\packages\fcl-web\src\fphttp.pp"/>
        <UnitName Value="fphttp"/>
        <WindowIndex Value="0"/>
        <TopLine Value="37"/>
        <CursorPos X="1" Y="37"/>
        <UsageCount Value="7"/>
      </Unit8>
      <Unit9>
        <Filename Value="C:\lazarus\fpc\2.4.2\source\rtl\objpas\classes\classesh.inc"/>
        <WindowIndex Value="0"/>
        <TopLine Value="540"/>
        <CursorPos X="15" Y="552"/>
        <UsageCount Value="6"/>
      </Unit9>
      <Unit10>
        <Filename Value="C:\lazarus\fpc\2.4.2\source\rtl\objpas\classes\stringl.inc"/>
        <WindowIndex Value="0"/>
        <TopLine Value="209"/>
        <CursorPos X="3" Y="216"/>
        <UsageCount Value="1"/>
      </Unit10>
      <Unit11>
        <Filename Value="C:\lazarus\fpc\2.4.2\source\rtl\objpas\classes\persist.inc"/>
        <WindowIndex Value="0"/>
        <TopLine Value="18"/>
        <CursorPos X="3" Y="23"/>
        <UsageCount Value="7"/>
      </Unit11>
      <Unit12>
        <Filename Value="floatstr.pas"/>
        <IsPartOfProject Value="True"/>
        <UnitName Value="floatstr"/>
        <EditorIndex Value="6"/>
        <WindowIndex Value="0"/>
        <TopLine Value="1"/>
        <CursorPos X="1" Y="1"/>
        <UsageCount Value="159"/>
        <Loaded Value="True"/>
      </Unit12>
      <Unit13>
        <Filename Value="C:\lazarus\fpc\2.4.2\source\rtl\inc\systemh.inc"/>
        <WindowIndex Value="0"/>
        <TopLine Value="386"/>
        <CursorPos X="3" Y="398"/>
        <UsageCount Value="3"/>
      </Unit13>
      <Unit14>
        <Filename Value="C:\lazarus\fpc\2.4.2\source\rtl\inc\objpas.inc"/>
        <WindowIndex Value="0"/>
        <TopLine Value="406"/>
        <CursorPos X="12" Y="412"/>
        <UsageCount Value="8"/>
      </Unit14>
      <Unit15>
        <Filename Value="fattree.pas"/>
        <IsPartOfProject Value="True"/>
        <UnitName Value="fattree"/>
        <EditorIndex Value="2"/>
        <WindowIndex Value="0"/>
        <TopLine Value="1"/>
        <CursorPos X="1" Y="1"/>
        <UsageCount Value="147"/>
        <Loaded Value="True"/>
      </Unit15>
      <Unit16>
        <Filename Value="torus.pas"/>
        <IsPartOfProject Value="True"/>
        <UnitName Value="torus"/>
        <EditorIndex Value="1"/>
        <WindowIndex Value="0"/>
        <TopLine Value="1"/>
        <CursorPos X="1" Y="1"/>
        <UsageCount Value="121"/>
        <Loaded Value="True"/>
      </Unit16>
      <Unit17>
        <Filename Value="C:\lazarus\fpc\2.4.2\source\packages\fcl-xml\src\xmlread.pp"/>
        <UnitName Value="XMLRead"/>
        <WindowIndex Value="0"/>
        <TopLine Value="3810"/>
        <CursorPos X="16" Y="3833"/>
        <UsageCount Value="1"/>
      </Unit17>
      <Unit18>
        <Filename Value="C:\lazarus\fpc\2.4.2\source\packages\fcl-xml\src\dom.pp"/>
        <UnitName Value="DOM"/>
        <WindowIndex Value="0"/>
        <TopLine Value="189"/>
        <CursorPos X="23" Y="201"/>
        <UsageCount Value="1"/>
      </Unit18>
      <Unit19>
        <Filename Value="C:\lazarus\fpc\2.4.2\source\rtl\objpas\objpas.pp"/>
        <UnitName Value="objpas"/>
        <WindowIndex Value="0"/>
        <TopLine Value="204"/>
        <CursorPos X="12" Y="206"/>
        <UsageCount Value="3"/>
      </Unit19>
      <Unit20>
        <Filename Value="C:\lazarus\fpc\2.4.2\source\rtl\win32\system.pp"/>
        <UnitName Value="System"/>
        <WindowIndex Value="0"/>
        <TopLine Value="111"/>
        <CursorPos X="2" Y="39"/>
        <UsageCount Value="9"/>
      </Unit20>
      <Unit21>
        <Filename Value="C:\lazarus\fpc\2.4.2\source\rtl\inc\mathh.inc"/>
        <WindowIndex Value="0"/>
        <TopLine Value="66"/>
        <CursorPos X="14" Y="78"/>
        <UsageCount Value="5"/>
      </Unit21>
      <Unit22>
        <Filename Value="C:\lazarus\fpc\2.4.2\source\rtl\objpas\math.pp"/>
        <UnitName Value="math"/>
        <WindowIndex Value="0"/>
        <TopLine Value="1"/>
        <CursorPos X="1" Y="1"/>
        <UsageCount Value="11"/>
      </Unit22>
      <Unit23>
        <Filename Value="C:\lazarus\fpc\2.4.2\source\rtl\objpas\sysutils\finah.inc"/>
        <WindowIndex Value="0"/>
        <TopLine Value="14"/>
        <CursorPos X="10" Y="26"/>
        <UsageCount Value="9"/>
      </Unit23>
      <Unit24>
        <Filename Value="C:\lazarus\fpc\2.4.2\source\rtl\objpas\sysutils\fina.inc"/>
        <WindowIndex Value="0"/>
        <TopLine Value="93"/>
        <CursorPos X="21" Y="95"/>
        <UsageCount Value="9"/>
      </Unit24>
      <Unit25>
        <Filename Value="C:\lazarus\fpc\2.6.4\source\packages\fcl-web\src\base\httpdefs.pp"/>
        <UnitName Value="HTTPDefs"/>
        <WindowIndex Value="0"/>
        <TopLine Value="23"/>
        <CursorPos X="1" Y="23"/>
        <UsageCount Value="10"/>
      </Unit25>
      <Unit26>
        <Filename Value="C:\lazarus\fpc\2.6.4\source\packages\fcl-web\src\base\fpweb.pp"/>
        <UnitName Value="fpWeb"/>
        <WindowIndex Value="0"/>
        <TopLine Value="1"/>
        <CursorPos X="1" Y="1"/>
        <UsageCount Value="10"/>
      </Unit26>
    </Units>
    <JumpHistory Count="30" HistoryIndex="29">
      <Position1>
        <Filename Value="fattree.pas"/>
        <Caret Line="135" Column="1" TopLine="117"/>
      </Position1>
      <Position2>
        <Filename Value="fattree.pas"/>
        <Caret Line="128" Column="54" TopLine="111"/>
      </Position2>
      <Position3>
        <Filename Value="fattree.pas"/>
        <Caret Line="161" Column="32" TopLine="146"/>
      </Position3>
      <Position4>
        <Filename Value="fattree.pas"/>
        <Caret Line="211" Column="19" TopLine="198"/>
      </Position4>
      <Position5>
        <Filename Value="cgimain.pas"/>
        <Caret Line="239" Column="40" TopLine="232"/>
      </Position5>
      <Position6>
        <Filename Value="cgimain.pas"/>
        <Caret Line="74" Column="48" TopLine="74"/>
      </Position6>
      <Position7>
        <Filename Value="fattree.pas"/>
        <Caret Line="133" Column="20" TopLine="123"/>
      </Position7>
      <Position8>
        <Filename Value="fattree.pas"/>
        <Caret Line="133" Column="20" TopLine="123"/>
      </Position8>
      <Position9>
        <Filename Value="torus.pas"/>
        <Caret Line="113" Column="27" TopLine="111"/>
      </Position9>
      <Position10>
        <Filename Value="torus.pas"/>
        <Caret Line="97" Column="18" TopLine="86"/>
      </Position10>
      <Position11>
        <Filename Value="torus.pas"/>
        <Caret Line="394" Column="37" TopLine="378"/>
      </Position11>
      <Position12>
        <Filename Value="torus.pas"/>
        <Caret Line="97" Column="20" TopLine="94"/>
      </Position12>
      <Position13>
        <Filename Value="cgimain.pas"/>
        <Caret Line="168" Column="38" TopLine="156"/>
      </Position13>
      <Position14>
        <Filename Value="cgimain.pas"/>
        <Caret Line="93" Column="30" TopLine="81"/>
      </Position14>
      <Position15>
        <Filename Value="cgimain.pas"/>
        <Caret Line="194" Column="53" TopLine="182"/>
      </Position15>
      <Position16>
        <Filename Value="fattree.pas"/>
        <Caret Line="177" Column="19" TopLine="175"/>
      </Position16>
      <Position17>
        <Filename Value="common.pas"/>
        <Caret Line="35" Column="8" TopLine="22"/>
      </Position17>
      <Position18>
        <Filename Value="torus.pas"/>
        <Caret Line="162" Column="46" TopLine="162"/>
      </Position18>
      <Position19>
        <Filename Value="database.pas"/>
        <Caret Line="67" Column="1" TopLine="44"/>
      </Position19>
      <Position20>
        <Filename Value="cgimain.pas"/>
        <Caret Line="200" Column="39" TopLine="195"/>
      </Position20>
      <Position21>
        <Filename Value="cgimain.pas"/>
        <Caret Line="168" Column="16" TopLine="148"/>
      </Position21>
      <Position22>
        <Filename Value="cgimain.pas"/>
        <Caret Line="194" Column="39" TopLine="177"/>
      </Position22>
      <Position23>
        <Filename Value="cgimain.pas"/>
        <Caret Line="184" Column="22" TopLine="177"/>
      </Position23>
      <Position24>
        <Filename Value="fattree.pas"/>
        <Caret Line="155" Column="3" TopLine="155"/>
      </Position24>
      <Position25>
        <Filename Value="cgimain.pas"/>
        <Caret Line="78" Column="1" TopLine="67"/>
      </Position25>
      <Position26>
        <Filename Value="cgimain.pas"/>
        <Caret Line="87" Column="30" TopLine="76"/>
      </Position26>
      <Position27>
        <Filename Value="cgimain.pas"/>
        <Caret Line="77" Column="1" TopLine="65"/>
      </Position27>
      <Position28>
        <Filename Value="cgimain.pas"/>
        <Caret Line="74" Column="24" TopLine="62"/>
      </Position28>
      <Position29>
        <Filename Value="cgimain.pas"/>
        <Caret Line="26" Column="44" TopLine="12"/>
      </Position29>
      <Position30>
        <Filename Value="cgimain.pas"/>
        <Caret Line="29" Column="32" TopLine="12"/>
      </Position30>
    </JumpHistory>
  </ProjectOptions>
  <CompilerOptions>
    <Version Value="11"/>
    <PathDelim Value="\"/>
    <SearchPaths>
      <IncludeFiles Value="$(ProjOutDir)"/>
    </SearchPaths>
    <Parsing>
      <SyntaxOptions>
        <IncludeAssertionCode Value="True"/>
      </SyntaxOptions>
    </Parsing>
    <CodeGeneration>
      <SmartLinkUnit Value="True"/>
      <Checks>
        <IOChecks Value="True"/>
        <RangeChecks Value="True"/>
        <OverflowChecks Value="True"/>
        <StackChecks Value="True"/>
      </Checks>
    </CodeGeneration>
    <Linking>
      <Debugging>
        <GenerateDebugInfo Value="False"/>
        <UseLineInfoUnit Value="False"/>
      </Debugging>
      <LinkSmart Value="True"/>
    </Linking>
    <Other>
      <CompilerMessages>
        <UseMsgFile Value="True"/>
      </CompilerMessages>
      <CompilerPath Value="$(CompPath)"/>
    </Other>
  </CompilerOptions>
  <EditorMacros Count="0"/>
</CONFIG>
